
Microsoft Visual Studio Solution File, Format Version 12.00
# Visual Studio 15
VisualStudioVersion = 15.0.28307.421
MinimumVisualStudioVersion = 10.0.40219.1
Project("{FAE04EC0-301F-11D3-BF4B-00C04F79EFBC}") = "EFRelations", "EFRelations\EFRelations.csproj", "{AD45F188-353A-4D50-8F20-4D1BC0BA7A79}"
EndProject
Project("{FAE04EC0-301F-11D3-BF4B-00C04F79EFBC}") = "EFRelations.Infrastructure", "EFRelations.Infrastructure\EFRelations.Infrastructure.csproj", "{432452D0-DB21-4CE8-A884-EE06D80058FD}"
EndProject
Global
	GlobalSection(SolutionConfigurationPlatforms) = preSolution
		Debug|Any CPU = Debug|Any CPU
		Release|Any CPU = Release|Any CPU
	EndGlobalSection
	GlobalSection(ProjectConfigurationPlatforms) = postSolution
		{AD45F188-353A-4D50-8F20-4D1BC0BA7A79}.Debug|Any CPU.ActiveCfg = Debug|Any CPU
		{AD45F188-353A-4D50-8F20-4D1BC0BA7A79}.Debug|Any CPU.Build.0 = Debug|Any CPU
		{AD45F188-353A-4D50-8F20-4D1BC0BA7A79}.Release|Any CPU.ActiveCfg = Release|Any CPU
		{AD45F188-353A-4D50-8F20-4D1BC0BA7A79}.Release|Any CPU.Build.0 = Release|Any CPU
		{432452D0-DB21-4CE8-A884-EE06D80058FD}.Debug|Any CPU.ActiveCfg = Debug|Any CPU
		{432452D0-DB21-4CE8-A884-EE06D80058FD}.Debug|Any CPU.Build.0 = Debug|Any CPU
		{432452D0-DB21-4CE8-A884-EE06D80058FD}.Release|Any CPU.ActiveCfg = Release|Any CPU
		{432452D0-DB21-4CE8-A884-EE06D80058FD}.Release|Any CPU.Build.0 = Release|Any CPU
	EndGlobalSection
	GlobalSection(SolutionProperties) = preSolution
		HideSolutionNode = FALSE
	EndGlobalSection
	GlobalSection(ExtensibilityGlobals) = postSolution
		SolutionGuid = {FE2ABAAC-CC1F-4E40-9B07-CCBAF57CB3FD}
	EndGlobalSection
EndGlobal
