
Microsoft Visual Studio Solution File, Format Version 12.00
# Visual Studio 15
VisualStudioVersion = 15.0.28307.539
MinimumVisualStudioVersion = 10.0.40219.1
Project("{9A19103F-16F7-4668-BE54-9A1E7A4F7556}") = "BookShop", "BookShop\BookShop.csproj", "{BBA155C6-AA02-4A9C-A827-B46C2DF93CB7}"
EndProject
Global
	GlobalSection(SolutionConfigurationPlatforms) = preSolution
		Debug|Any CPU = Debug|Any CPU
		Release|Any CPU = Release|Any CPU
	EndGlobalSection
	GlobalSection(ProjectConfigurationPlatforms) = postSolution
		{BBA155C6-AA02-4A9C-A827-B46C2DF93CB7}.Debug|Any CPU.ActiveCfg = Debug|Any CPU
		{BBA155C6-AA02-4A9C-A827-B46C2DF93CB7}.Debug|Any CPU.Build.0 = Debug|Any CPU
		{BBA155C6-AA02-4A9C-A827-B46C2DF93CB7}.Release|Any CPU.ActiveCfg = Release|Any CPU
		{BBA155C6-AA02-4A9C-A827-B46C2DF93CB7}.Release|Any CPU.Build.0 = Release|Any CPU
	EndGlobalSection
	GlobalSection(SolutionProperties) = preSolution
		HideSolutionNode = FALSE
	EndGlobalSection
	GlobalSection(ExtensibilityGlobals) = postSolution
		SolutionGuid = {3FC5EFA6-735F-44B9-B790-5397CF83FC9B}
	EndGlobalSection
EndGlobal
